// !$*UTF8*$!
{
	archiveVersion = 1;
	classes = {
	};
	objectVersion = 56;
	objects = {

/* Begin PBXBuildFile section */
		2985EADC8DC54213AA8E5B2C /* Pods_chart_bill.framework in Frameworks */ = {isa = PBXBuildFile; fileRef = 2C9E0C11B5300465A2175058 /* Pods_chart_bill.framework */; };
		371D67332C8C0B320045470C /* AppDelegate.swift in Sources */ = {isa = PBXBuildFile; fileRef = 371D67322C8C0B320045470C /* AppDelegate.swift */; };
		371D67352C8C0B320045470C /* SceneDelegate.swift in Sources */ = {isa = PBXBuildFile; fileRef = 371D67342C8C0B320045470C /* SceneDelegate.swift */; };
		371D67372C8C0B320045470C /* ViewController.swift in Sources */ = {isa = PBXBuildFile; fileRef = 371D67362C8C0B320045470C /* ViewController.swift */; };
		371D673A2C8C0B320045470C /* Base in Resources */ = {isa = PBXBuildFile; fileRef = 371D67392C8C0B320045470C /* Base */; };
		371D673C2C8C0B330045470C /* Assets.xcassets in Resources */ = {isa = PBXBuildFile; fileRef = 371D673B2C8C0B330045470C /* Assets.xcassets */; };
		371D673F2C8C0B330045470C /* Base in Resources */ = {isa = PBXBuildFile; fileRef = 371D673E2C8C0B330045470C /* Base */; };
		371D674B2C8C120E0045470C /* DGCharts in Frameworks */ = {isa = PBXBuildFile; productRef = 371D674A2C8C120E0045470C /* DGCharts */; };
/* End PBXBuildFile section */

/* Begin PBXFileReference section */
		271B0BD997A0B1B6C43DCCE4 /* Pods-chart-bill.debug.xcconfig */ = {isa = PBXFileReference; includeInIndex = 1; lastKnownFileType = text.xcconfig; name = "Pods-chart-bill.debug.xcconfig"; path = "Target Support Files/Pods-chart-bill/Pods-chart-bill.debug.xcconfig"; sourceTree = "<group>"; };
		2C9E0C11B5300465A2175058 /* Pods_chart_bill.framework */ = {isa = PBXFileReference; explicitFileType = wrapper.framework; includeInIndex = 0; path = Pods_chart_bill.framework; sourceTree = BUILT_PRODUCTS_DIR; };
		371D672F2C8C0B320045470C /* chart-bill.app */ = {isa = PBXFileReference; explicitFileType = wrapper.application; includeInIndex = 0; path = "chart-bill.app"; sourceTree = BUILT_PRODUCTS_DIR; };
		371D67322C8C0B320045470C /* AppDelegate.swift */ = {isa = PBXFileReference; lastKnownFileType = sourcecode.swift; path = AppDelegate.swift; sourceTree = "<group>"; };
		371D67342C8C0B320045470C /* SceneDelegate.swift */ = {isa = PBXFileReference; lastKnownFileType = sourcecode.swift; path = SceneDelegate.swift; sourceTree = "<group>"; };
		371D67362C8C0B320045470C /* ViewController.swift */ = {isa = PBXFileReference; lastKnownFileType = sourcecode.swift; path = ViewController.swift; sourceTree = "<group>"; };
		371D67392C8C0B320045470C /* Base */ = {isa = PBXFileReference; lastKnownFileType = file.storyboard; name = Base; path = Base.lproj/Main.storyboard; sourceTree = "<group>"; };
		371D673B2C8C0B330045470C /* Assets.xcassets */ = {isa = PBXFileReference; lastKnownFileType = folder.assetcatalog; path = Assets.xcassets; sourceTree = "<group>"; };
		371D673E2C8C0B330045470C /* Base */ = {isa = PBXFileReference; lastKnownFileType = file.storyboard; name = Base; path = Base.lproj/LaunchScreen.storyboard; sourceTree = "<group>"; };
		371D67402C8C0B330045470C /* Info.plist */ = {isa = PBXFileReference; lastKnownFileType = text.plist.xml; path = Info.plist; sourceTree = "<group>"; };
		DB81521528FC3E7C6A270FFF /* Pods-chart-bill.release.xcconfig */ = {isa = PBXFileReference; includeInIndex = 1; lastKnownFileType = text.xcconfig; name = "Pods-chart-bill.release.xcconfig"; path = "Target Support Files/Pods-chart-bill/Pods-chart-bill.release.xcconfig"; sourceTree = "<group>"; };
/* End PBXFileReference section */

/* Begin PBXFrameworksBuildPhase section */
		371D672C2C8C0B320045470C /* Frameworks */ = {
			isa = PBXFrameworksBuildPhase;
			buildActionMask = 2147483647;
			files = (
				371D674B2C8C120E0045470C /* DGCharts in Frameworks */,
				2985EADC8DC54213AA8E5B2C /* Pods_chart_bill.framework in Frameworks */,
			);
			runOnlyForDeploymentPostprocessing = 0;
		};
/* End PBXFrameworksBuildPhase section */

/* Begin PBXGroup section */
		371D67262C8C0B320045470C = {
			isa = PBXGroup;
			children = (
				371D67312C8C0B320045470C /* chart-bill */,
				371D67302C8C0B320045470C /* Products */,
				D7B13F73D33D3A55847336FA /* Pods */,
				4641DF1A51EAFC4D46ED6539 /* Frameworks */,
			);
			sourceTree = "<group>";
		};
		371D67302C8C0B320045470C /* Products */ = {
			isa = PBXGroup;
			children = (
				371D672F2C8C0B320045470C /* chart-bill.app */,
			);
			name = Products;
			sourceTree = "<group>";
		};
		371D67312C8C0B320045470C /* chart-bill */ = {
			isa = PBXGroup;
			children = (
				371D67322C8C0B320045470C /* AppDelegate.swift */,
				371D67342C8C0B320045470C /* SceneDelegate.swift */,
				371D67362C8C0B320045470C /* ViewController.swift */,
				371D67382C8C0B320045470C /* Main.storyboard */,
				371D673B2C8C0B330045470C /* Assets.xcassets */,
				371D673D2C8C0B330045470C /* LaunchScreen.storyboard */,
				371D67402C8C0B330045470C /* Info.plist */,
			);
			path = "chart-bill";
			sourceTree = "<group>";
		};
		4641DF1A51EAFC4D46ED6539 /* Frameworks */ = {
			isa = PBXGroup;
			children = (
				2C9E0C11B5300465A2175058 /* Pods_chart_bill.framework */,
			);
			name = Frameworks;
			sourceTree = "<group>";
		};
		D7B13F73D33D3A55847336FA /* Pods */ = {
			isa = PBXGroup;
			children = (
				271B0BD997A0B1B6C43DCCE4 /* Pods-chart-bill.debug.xcconfig */,
				DB81521528FC3E7C6A270FFF /* Pods-chart-bill.release.xcconfig */,
			);
			path = Pods;
			sourceTree = "<group>";
		};
/* End PBXGroup section */

/* Begin PBXNativeTarget section */
		371D672E2C8C0B320045470C /* chart-bill */ = {
			isa = PBXNativeTarget;
			buildConfigurationList = 371D67432C8C0B330045470C /* Build configuration list for PBXNativeTarget "chart-bill" */;
			buildPhases = (
				5FCA1865D5FB343B94F432FD /* [CP] Check Pods Manifest.lock */,
				371D672B2C8C0B320045470C /* Sources */,
				371D672C2C8C0B320045470C /* Frameworks */,
				371D672D2C8C0B320045470C /* Resources */,
			);
			buildRules = (
			);
			dependencies = (
			);
			name = "chart-bill";
			packageProductDependencies = (
				371D674A2C8C120E0045470C /* DGCharts */,
			);
			productName = "chart-bill";
			productReference = 371D672F2C8C0B320045470C /* chart-bill.app */;
			productType = "com.apple.product-type.application";
		};
/* End PBXNativeTarget section */

/* Begin PBXProject section */
		371D67272C8C0B320045470C /* Project object */ = {
			isa = PBXProject;
			attributes = {
				BuildIndependentTargetsInParallel = 1;
				LastSwiftUpdateCheck = 1540;
				LastUpgradeCheck = 1540;
				TargetAttributes = {
					371D672E2C8C0B320045470C = {
						CreatedOnToolsVersion = 15.4;
					};
				};
			};
			buildConfigurationList = 371D672A2C8C0B320045470C /* Build configuration list for PBXProject "chart-bill" */;
			compatibilityVersion = "Xcode 14.0";
			developmentRegion = en;
			hasScannedForEncodings = 0;
			knownRegions = (
				en,
				Base,
			);
			mainGroup = 371D67262C8C0B320045470C;
			packageReferences = (
				371D67492C8C120E0045470C /* XCRemoteSwiftPackageReference "Charts" */,
			);
			productRefGroup = 371D67302C8C0B320045470C /* Products */;
			projectDirPath = "";
			projectRoot = "";
			targets = (
				371D672E2C8C0B320045470C /* chart-bill */,
			);
		};
/* End PBXProject section */

/* Begin PBXResourcesBuildPhase section */
		371D672D2C8C0B320045470C /* Resources */ = {
			isa = PBXResourcesBuildPhase;
			buildActionMask = 2147483647;
			files = (
				371D673C2C8C0B330045470C /* Assets.xcassets in Resources */,
				371D673F2C8C0B330045470C /* Base in Resources */,
				371D673A2C8C0B320045470C /* Base in Resources */,
			);
			runOnlyForDeploymentPostprocessing = 0;
		};
/* End PBXResourcesBuildPhase section */

/* Begin PBXShellScriptBuildPhase section */
		5FCA1865D5FB343B94F432FD /* [CP] Check Pods Manifest.lock */ = {
			isa = PBXShellScriptBuildPhase;
			buildActionMask = 2147483647;
			files = (
			);
			inputFileListPaths = (
			);
			inputPaths = (
				"${PODS_PODFILE_DIR_PATH}/Podfile.lock",
				"${PODS_ROOT}/Manifest.lock",
			);
			name = "[CP] Check Pods Manifest.lock";
			outputFileListPaths = (
			);
			outputPaths = (
				"$(DERIVED_FILE_DIR)/Pods-chart-bill-checkManifestLockResult.txt",
			);
			runOnlyForDeploymentPostprocessing = 0;
			shellPath = /bin/sh;
			shellScript = "diff \"${PODS_PODFILE_DIR_PATH}/Podfile.lock\" \"${PODS_ROOT}/Manifest.lock\" > /dev/null\nif [ $? != 0 ] ; then\n    # print error to STDERR\n    echo \"error: The sandbox is not in sync with the Podfile.lock. Run 'pod install' or update your CocoaPods installation.\" >&2\n    exit 1\nfi\n# This output is used by Xcode 'outputs' to avoid re-running this script phase.\necho \"SUCCESS\" > \"${SCRIPT_OUTPUT_FILE_0}\"\n";
			showEnvVarsInLog = 0;
		};
/* End PBXShellScriptBuildPhase section */

/* Begin PBXSourcesBuildPhase section */
		371D672B2C8C0B320045470C /* Sources */ = {
			isa = PBXSourcesBuildPhase;
			buildActionMask = 2147483647;
			files = (
				371D67372C8C0B320045470C /* ViewController.swift in Sources */,
				371D67332C8C0B320045470C /* AppDelegate.swift in Sources */,
				371D67352C8C0B320045470C /* SceneDelegate.swift in Sources */,
			);
			runOnlyForDeploymentPostprocessing = 0;
		};
/* End PBXSourcesBuildPhase section */

/* Begin PBXVariantGroup section */
		371D67382C8C0B320045470C /* Main.storyboard */ = {
			isa = PBXVariantGroup;
			children = (
				371D67392C8C0B320045470C /* Base */,
			);
			name = Main.storyboard;
			sourceTree = "<group>";
		};
		371D673D2C8C0B330045470C /* LaunchScreen.storyboard */ = {
			isa = PBXVariantGroup;
			children = (
				371D673E2C8C0B330045470C /* Base */,
			);
			name = LaunchScreen.storyboard;
			sourceTree = "<group>";
		};
/* End PBXVariantGroup section */

/* Begin XCBuildConfiguration section */
		371D67412C8C0B330045470C /* Debug */ = {
			isa = XCBuildConfiguration;
			buildSettings = {
				ALWAYS_SEARCH_USER_PATHS = NO;
				ASSETCATALOG_COMPILER_GENERATE_SWIFT_ASSET_SYMBOL_EXTENSIONS = YES;
				CLANG_ANALYZER_NONNULL = YES;
				CLANG_ANALYZER_NUMBER_OBJECT_CONVERSION = YES_AGGRESSIVE;
				CLANG_CXX_LANGUAGE_STANDARD = "gnu++20";
				CLANG_ENABLE_MODULES = YES;
				CLANG_ENABLE_OBJC_ARC = YES;
				CLANG_ENABLE_OBJC_WEAK = YES;
				CLANG_WARN_BLOCK_CAPTURE_AUTORELEASING = YES;
				CLANG_WARN_BOOL_CONVERSION = YES;
				CLANG_WARN_COMMA = YES;
				CLANG_WARN_CONSTANT_CONVERSION = YES;
				CLANG_WARN_DEPRECATED_OBJC_IMPLEMENTATIONS = YES;
				CLANG_WARN_DIRECT_OBJC_ISA_USAGE = YES_ERROR;
				CLANG_WARN_DOCUMENTATION_COMMENTS = YES;
				CLANG_WARN_EMPTY_BODY = YES;
				CLANG_WARN_ENUM_CONVERSION = YES;
				CLANG_WARN_INFINITE_RECURSION = YES;
				CLANG_WARN_INT_CONVERSION = YES;
				CLANG_WARN_NON_LITERAL_NULL_CONVERSION = YES;
				CLANG_WARN_OBJC_IMPLICIT_RETAIN_SELF = YES;
				CLANG_WARN_OBJC_LITERAL_CONVERSION = YES;
				CLANG_WARN_OBJC_ROOT_CLASS = YES_ERROR;
				CLANG_WARN_QUOTED_INCLUDE_IN_FRAMEWORK_HEADER = YES;
				CLANG_WARN_RANGE_LOOP_ANALYSIS = YES;
				CLANG_WARN_STRICT_PROTOTYPES = YES;
				CLANG_WARN_SUSPICIOUS_MOVE = YES;
				CLANG_WARN_UNGUARDED_AVAILABILITY = YES_AGGRESSIVE;
				CLANG_WARN_UNREACHABLE_CODE = YES;
				CLANG_WARN__DUPLICATE_METHOD_MATCH = YES;
				COPY_PHASE_STRIP = NO;
				DEBUG_INFORMATION_FORMAT = dwarf;
				ENABLE_STRICT_OBJC_MSGSEND = YES;
				ENABLE_TESTABILITY = YES;
				ENABLE_USER_SCRIPT_SANDBOXING = YES;
				GCC_C_LANGUAGE_STANDARD = gnu17;
				GCC_DYNAMIC_NO_PIC = NO;
				GCC_NO_COMMON_BLOCKS = YES;
				GCC_OPTIMIZATION_LEVEL = 0;
				GCC_PREPROCESSOR_DEFINITIONS = (
					"DEBUG=1",
					"$(inherited)",
				);
				GCC_WARN_64_TO_32_BIT_CONVERSION = YES;
				GCC_WARN_ABOUT_RETURN_TYPE = YES_ERROR;
				GCC_WARN_UNDECLARED_SELECTOR = YES;
				GCC_WARN_UNINITIALIZED_AUTOS = YES_AGGRESSIVE;
				GCC_WARN_UNUSED_FUNCTION = YES;
				GCC_WARN_UNUSED_VARIABLE = YES;
				IPHONEOS_DEPLOYMENT_TARGET = 17.5;
				LOCALIZATION_PREFERS_STRING_CATALOGS = YES;
				MTL_ENABLE_DEBUG_INFO = INCLUDE_SOURCE;
				MTL_FAST_MATH = YES;
				ONLY_ACTIVE_ARCH = YES;
				SDKROOT = iphoneos;
				SWIFT_ACTIVE_COMPILATION_CONDITIONS = "DEBUG $(inherited)";
				SWIFT_OPTIMIZATION_LEVEL = "-Onone";
			};
			name = Debug;
		};
		371D67422C8C0B330045470C /* Release */ = {
			isa = XCBuildConfiguration;
			buildSettings = {
				ALWAYS_SEARCH_USER_PATHS = NO;
				ASSETCATALOG_COMPILER_GENERATE_SWIFT_ASSET_SYMBOL_EXTENSIONS = YES;
				CLANG_ANALYZER_NONNULL = YES;
				CLANG_ANALYZER_NUMBER_OBJECT_CONVERSION = YES_AGGRESSIVE;
				CLANG_CXX_LANGUAGE_STANDARD = "gnu++20";
				CLANG_ENABLE_MODULES = YES;
				CLANG_ENABLE_OBJC_ARC = YES;
				CLANG_ENABLE_OBJC_WEAK = YES;
				CLANG_WARN_BLOCK_CAPTURE_AUTORELEASING = YES;
				CLANG_WARN_BOOL_CONVERSION = YES;
				CLANG_WARN_COMMA = YES;
				CLANG_WARN_CONSTANT_CONVERSION = YES;
				CLANG_WARN_DEPRECATED_OBJC_IMPLEMENTATIONS = YES;
				CLANG_WARN_DIRECT_OBJC_ISA_USAGE = YES_ERROR;
				CLANG_WARN_DOCUMENTATION_COMMENTS = YES;
				CLANG_WARN_EMPTY_BODY = YES;
				CLANG_WARN_ENUM_CONVERSION = YES;
				CLANG_WARN_INFINITE_RECURSION = YES;
				CLANG_WARN_INT_CONVERSION = YES;
				CLANG_WARN_NON_LITERAL_NULL_CONVERSION = YES;
				CLANG_WARN_OBJC_IMPLICIT_RETAIN_SELF = YES;
				CLANG_WARN_OBJC_LITERAL_CONVERSION = YES;
				CLANG_WARN_OBJC_ROOT_CLASS = YES_ERROR;
				CLANG_WARN_QUOTED_INCLUDE_IN_FRAMEWORK_HEADER = YES;
				CLANG_WARN_RANGE_LOOP_ANALYSIS = YES;
				CLANG_WARN_STRICT_PROTOTYPES = YES;
				CLANG_WARN_SUSPICIOUS_MOVE = YES;
				CLANG_WARN_UNGUARDED_AVAILABILITY = YES_AGGRESSIVE;
				CLANG_WARN_UNREACHABLE_CODE = YES;
				CLANG_WARN__DUPLICATE_METHOD_MATCH = YES;
				COPY_PHASE_STRIP = NO;
				DEBUG_INFORMATION_FORMAT = "dwarf-with-dsym";
				ENABLE_NS_ASSERTIONS = NO;
				ENABLE_STRICT_OBJC_MSGSEND = YES;
				ENABLE_USER_SCRIPT_SANDBOXING = YES;
				GCC_C_LANGUAGE_STANDARD = gnu17;
				GCC_NO_COMMON_BLOCKS = YES;
				GCC_WARN_64_TO_32_BIT_CONVERSION = YES;
				GCC_WARN_ABOUT_RETURN_TYPE = YES_ERROR;
				GCC_WARN_UNDECLARED_SELECTOR = YES;
				GCC_WARN_UNINITIALIZED_AUTOS = YES_AGGRESSIVE;
				GCC_WARN_UNUSED_FUNCTION = YES;
				GCC_WARN_UNUSED_VARIABLE = YES;
				IPHONEOS_DEPLOYMENT_TARGET = 17.5;
				LOCALIZATION_PREFERS_STRING_CATALOGS = YES;
				MTL_ENABLE_DEBUG_INFO = NO;
				MTL_FAST_MATH = YES;
				SDKROOT = iphoneos;
				SWIFT_COMPILATION_MODE = wholemodule;
				VALIDATE_PRODUCT = YES;
			};
			name = Release;
		};
		371D67442C8C0B330045470C /* Debug */ = {
			isa = XCBuildConfiguration;
			baseConfigurationReference = 271B0BD997A0B1B6C43DCCE4 /* Pods-chart-bill.debug.xcconfig */;
			buildSettings = {
				ASSETCATALOG_COMPILER_APPICON_NAME = AppIcon;
				ASSETCATALOG_COMPILER_GLOBAL_ACCENT_COLOR_NAME = AccentColor;
				CODE_SIGN_STYLE = Automatic;
				CURRENT_PROJECT_VERSION = 1;
				GENERATE_INFOPLIST_FILE = YES;
				INFOPLIST_FILE = "chart-bill/Info.plist";
				INFOPLIST_KEY_UIApplicationSupportsIndirectInputEvents = YES;
				INFOPLIST_KEY_UILaunchStoryboardName = LaunchScreen;
				INFOPLIST_KEY_UIMainStoryboardFile = Main;
				INFOPLIST_KEY_UISupportedInterfaceOrientations_iPad = "UIInterfaceOrientationPortrait UIInterfaceOrientationPortraitUpsideDown UIInterfaceOrientationLandscapeLeft UIInterfaceOrientationLandscapeRight";
				INFOPLIST_KEY_UISupportedInterfaceOrientations_iPhone = "UIInterfaceOrientationPortrait UIInterfaceOrientationLandscapeLeft UIInterfaceOrientationLandscapeRight";
				LD_RUNPATH_SEARCH_PATHS = (
					"$(inherited)",
					"@executable_path/Frameworks",
				);
				MARKETING_VERSION = 1.0;
				PRODUCT_BUNDLE_IDENTIFIER = "com.shwan.chart-bill";
				PRODUCT_NAME = "$(TARGET_NAME)";
				SWIFT_EMIT_LOC_STRINGS = YES;
				SWIFT_VERSION = 5.0;
				TARGETED_DEVICE_FAMILY = "1,2";
			};
			name = Debug;
		};
		371D67452C8C0B330045470C /* Release */ = {
			isa = XCBuildConfiguration;
			baseConfigurationReference = DB81521528FC3E7C6A270FFF /* Pods-chart-bill.release.xcconfig */;
			buildSettings = {
				ASSETCATALOG_COMPILER_APPICON_NAME = AppIcon;
				ASSETCATALOG_COMPILER_GLOBAL_ACCENT_COLOR_NAME = AccentColor;
				CODE_SIGN_STYLE = Automatic;
				CURRENT_PROJECT_VERSION = 1;
				GENERATE_INFOPLIST_FILE = YES;
				INFOPLIST_FILE = "chart-bill/Info.plist";
				INFOPLIST_KEY_UIApplicationSupportsIndirectInputEvents = YES;
				INFOPLIST_KEY_UILaunchStoryboardName = LaunchScreen;
				INFOPLIST_KEY_UIMainStoryboardFile = Main;
				INFOPLIST_KEY_UISupportedInterfaceOrientations_iPad = "UIInterfaceOrientationPortrait UIInterfaceOrientationPortraitUpsideDown UIInterfaceOrientationLandscapeLeft UIInterfaceOrientationLandscapeRight";
				INFOPLIST_KEY_UISupportedInterfaceOrientations_iPhone = "UIInterfaceOrientationPortrait UIInterfaceOrientationLandscapeLeft UIInterfaceOrientationLandscapeRight";
				LD_RUNPATH_SEARCH_PATHS = (
					"$(inherited)",
					"@executable_path/Frameworks",
				);
				MARKETING_VERSION = 1.0;
				PRODUCT_BUNDLE_IDENTIFIER = "com.shwan.chart-bill";
				PRODUCT_NAME = "$(TARGET_NAME)";
				SWIFT_EMIT_LOC_STRINGS = YES;
				SWIFT_VERSION = 5.0;
				TARGETED_DEVICE_FAMILY = "1,2";
			};
			name = Release;
		};
/* End XCBuildConfiguration section */

/* Begin XCConfigurationList section */
		371D672A2C8C0B320045470C /* Build configuration list for PBXProject "chart-bill" */ = {
			isa = XCConfigurationList;
			buildConfigurations = (
				371D67412C8C0B330045470C /* Debug */,
				371D67422C8C0B330045470C /* Release */,
			);
			defaultConfigurationIsVisible = 0;
			defaultConfigurationName = Release;
		};
		371D67432C8C0B330045470C /* Build configuration list for PBXNativeTarget "chart-bill" */ = {
			isa = XCConfigurationList;
			buildConfigurations = (
				371D67442C8C0B330045470C /* Debug */,
				371D67452C8C0B330045470C /* Release */,
			);
			defaultConfigurationIsVisible = 0;
			defaultConfigurationName = Release;
		};
/* End XCConfigurationList section */

/* Begin XCRemoteSwiftPackageReference section */
		371D67492C8C120E0045470C /* XCRemoteSwiftPackageReference "Charts" */ = {
			isa = XCRemoteSwiftPackageReference;
			repositoryURL = "https://github.com/ChartsOrg/Charts";
			requirement = {
				kind = upToNextMajorVersion;
				minimumVersion = 5.1.0;
			};
		};
/* End XCRemoteSwiftPackageReference section */

/* Begin XCSwiftPackageProductDependency section */
		371D674A2C8C120E0045470C /* DGCharts */ = {
			isa = XCSwiftPackageProductDependency;
			package = 371D67492C8C120E0045470C /* XCRemoteSwiftPackageReference "Charts" */;
			productName = DGCharts;
		};
/* End XCSwiftPackageProductDependency section */
	};
	rootObject = 371D67272C8C0B320045470C /* Project object */;
}
