// !$*UTF8*$!
{
	archiveVersion = 1;
	classes = {
	};
	objectVersion = 56;
	objects = {

/* Begin PBXBuildFile section */
		370800202C5166630077CFC6 /* ContactCell.swift in Sources */ = {isa = PBXBuildFile; fileRef = 3708001F2C5166630077CFC6 /* ContactCell.swift */; };
		370800222C51677C0077CFC6 /* Contact.swift in Sources */ = {isa = PBXBuildFile; fileRef = 370800212C51677C0077CFC6 /* Contact.swift */; };
		370800242C516EAF0077CFC6 /* ContactDetailViewController.swift in Sources */ = {isa = PBXBuildFile; fileRef = 370800232C516EAF0077CFC6 /* ContactDetailViewController.swift */; };
		37F3DDFA2C4AC0E000A9CA6A /* AppDelegate.swift in Sources */ = {isa = PBXBuildFile; fileRef = 37F3DDF92C4AC0E000A9CA6A /* AppDelegate.swift */; };
		37F3DDFC2C4AC0E000A9CA6A /* SceneDelegate.swift in Sources */ = {isa = PBXBuildFile; fileRef = 37F3DDFB2C4AC0E000A9CA6A /* SceneDelegate.swift */; };
		37F3DDFE2C4AC0E000A9CA6A /* ViewController.swift in Sources */ = {isa = PBXBuildFile; fileRef = 37F3DDFD2C4AC0E000A9CA6A /* ViewController.swift */; };
		37F3DE012C4AC0E000A9CA6A /* Base in Resources */ = {isa = PBXBuildFile; fileRef = 37F3DE002C4AC0E000A9CA6A /* Base */; };
		37F3DE032C4AC0E100A9CA6A /* Assets.xcassets in Resources */ = {isa = PBXBuildFile; fileRef = 37F3DE022C4AC0E100A9CA6A /* Assets.xcassets */; };
		37F3DE062C4AC0E100A9CA6A /* Base in Resources */ = {isa = PBXBuildFile; fileRef = 37F3DE052C4AC0E100A9CA6A /* Base */; };
		37F3DE0E2C4AC42E00A9CA6A /* SecondViewController.swift in Sources */ = {isa = PBXBuildFile; fileRef = 37F3DE0D2C4AC42E00A9CA6A /* SecondViewController.swift */; };
		37F3DE102C4AD30F00A9CA6A /* TableViewController.swift in Sources */ = {isa = PBXBuildFile; fileRef = 37F3DE0F2C4AD30F00A9CA6A /* TableViewController.swift */; };
/* End PBXBuildFile section */

/* Begin PBXFileReference section */
		3708001F2C5166630077CFC6 /* ContactCell.swift */ = {isa = PBXFileReference; lastKnownFileType = sourcecode.swift; path = ContactCell.swift; sourceTree = "<group>"; };
		370800212C51677C0077CFC6 /* Contact.swift */ = {isa = PBXFileReference; lastKnownFileType = sourcecode.swift; path = Contact.swift; sourceTree = "<group>"; };
		370800232C516EAF0077CFC6 /* ContactDetailViewController.swift */ = {isa = PBXFileReference; lastKnownFileType = sourcecode.swift; path = ContactDetailViewController.swift; sourceTree = "<group>"; };
		37F3DDF62C4AC0E000A9CA6A /* Class6.app */ = {isa = PBXFileReference; explicitFileType = wrapper.application; includeInIndex = 0; path = Class6.app; sourceTree = BUILT_PRODUCTS_DIR; };
		37F3DDF92C4AC0E000A9CA6A /* AppDelegate.swift */ = {isa = PBXFileReference; lastKnownFileType = sourcecode.swift; path = AppDelegate.swift; sourceTree = "<group>"; };
		37F3DDFB2C4AC0E000A9CA6A /* SceneDelegate.swift */ = {isa = PBXFileReference; lastKnownFileType = sourcecode.swift; path = SceneDelegate.swift; sourceTree = "<group>"; };
		37F3DDFD2C4AC0E000A9CA6A /* ViewController.swift */ = {isa = PBXFileReference; lastKnownFileType = sourcecode.swift; path = ViewController.swift; sourceTree = "<group>"; };
		37F3DE002C4AC0E000A9CA6A /* Base */ = {isa = PBXFileReference; lastKnownFileType = file.storyboard; name = Base; path = Base.lproj/Main.storyboard; sourceTree = "<group>"; };
		37F3DE022C4AC0E100A9CA6A /* Assets.xcassets */ = {isa = PBXFileReference; lastKnownFileType = folder.assetcatalog; path = Assets.xcassets; sourceTree = "<group>"; };
		37F3DE052C4AC0E100A9CA6A /* Base */ = {isa = PBXFileReference; lastKnownFileType = file.storyboard; name = Base; path = Base.lproj/LaunchScreen.storyboard; sourceTree = "<group>"; };
		37F3DE072C4AC0E100A9CA6A /* Info.plist */ = {isa = PBXFileReference; lastKnownFileType = text.plist.xml; path = Info.plist; sourceTree = "<group>"; };
		37F3DE0D2C4AC42E00A9CA6A /* SecondViewController.swift */ = {isa = PBXFileReference; lastKnownFileType = sourcecode.swift; path = SecondViewController.swift; sourceTree = "<group>"; };
		37F3DE0F2C4AD30F00A9CA6A /* TableViewController.swift */ = {isa = PBXFileReference; lastKnownFileType = sourcecode.swift; path = TableViewController.swift; sourceTree = "<group>"; };
/* End PBXFileReference section */

/* Begin PBXFrameworksBuildPhase section */
		37F3DDF32C4AC0E000A9CA6A /* Frameworks */ = {
			isa = PBXFrameworksBuildPhase;
			buildActionMask = 2147483647;
			files = (
			);
			runOnlyForDeploymentPostprocessing = 0;
		};
/* End PBXFrameworksBuildPhase section */

/* Begin PBXGroup section */
		37F3DDED2C4AC0E000A9CA6A = {
			isa = PBXGroup;
			children = (
				37F3DDF82C4AC0E000A9CA6A /* Class6 */,
				37F3DDF72C4AC0E000A9CA6A /* Products */,
			);
			sourceTree = "<group>";
		};
		37F3DDF72C4AC0E000A9CA6A /* Products */ = {
			isa = PBXGroup;
			children = (
				37F3DDF62C4AC0E000A9CA6A /* Class6.app */,
			);
			name = Products;
			sourceTree = "<group>";
		};
		37F3DDF82C4AC0E000A9CA6A /* Class6 */ = {
			isa = PBXGroup;
			children = (
				37F3DDF92C4AC0E000A9CA6A /* AppDelegate.swift */,
				37F3DDFB2C4AC0E000A9CA6A /* SceneDelegate.swift */,
				37F3DDFD2C4AC0E000A9CA6A /* ViewController.swift */,
				37F3DDFF2C4AC0E000A9CA6A /* Main.storyboard */,
				37F3DE022C4AC0E100A9CA6A /* Assets.xcassets */,
				37F3DE042C4AC0E100A9CA6A /* LaunchScreen.storyboard */,
				37F3DE072C4AC0E100A9CA6A /* Info.plist */,
				37F3DE0D2C4AC42E00A9CA6A /* SecondViewController.swift */,
				37F3DE0F2C4AD30F00A9CA6A /* TableViewController.swift */,
				3708001F2C5166630077CFC6 /* ContactCell.swift */,
				370800212C51677C0077CFC6 /* Contact.swift */,
				370800232C516EAF0077CFC6 /* ContactDetailViewController.swift */,
			);
			path = Class6;
			sourceTree = "<group>";
		};
/* End PBXGroup section */

/* Begin PBXNativeTarget section */
		37F3DDF52C4AC0E000A9CA6A /* Class6 */ = {
			isa = PBXNativeTarget;
			buildConfigurationList = 37F3DE0A2C4AC0E100A9CA6A /* Build configuration list for PBXNativeTarget "Class6" */;
			buildPhases = (
				37F3DDF22C4AC0E000A9CA6A /* Sources */,
				37F3DDF32C4AC0E000A9CA6A /* Frameworks */,
				37F3DDF42C4AC0E000A9CA6A /* Resources */,
			);
			buildRules = (
			);
			dependencies = (
			);
			name = Class6;
			productName = Class6;
			productReference = 37F3DDF62C4AC0E000A9CA6A /* Class6.app */;
			productType = "com.apple.product-type.application";
		};
/* End PBXNativeTarget section */

/* Begin PBXProject section */
		37F3DDEE2C4AC0E000A9CA6A /* Project object */ = {
			isa = PBXProject;
			attributes = {
				BuildIndependentTargetsInParallel = 1;
				LastSwiftUpdateCheck = 1540;
				LastUpgradeCheck = 1540;
				TargetAttributes = {
					37F3DDF52C4AC0E000A9CA6A = {
						CreatedOnToolsVersion = 15.4;
					};
				};
			};
			buildConfigurationList = 37F3DDF12C4AC0E000A9CA6A /* Build configuration list for PBXProject "Class6" */;
			compatibilityVersion = "Xcode 14.0";
			developmentRegion = en;
			hasScannedForEncodings = 0;
			knownRegions = (
				en,
				Base,
			);
			mainGroup = 37F3DDED2C4AC0E000A9CA6A;
			productRefGroup = 37F3DDF72C4AC0E000A9CA6A /* Products */;
			projectDirPath = "";
			projectRoot = "";
			targets = (
				37F3DDF52C4AC0E000A9CA6A /* Class6 */,
			);
		};
/* End PBXProject section */

/* Begin PBXResourcesBuildPhase section */
		37F3DDF42C4AC0E000A9CA6A /* Resources */ = {
			isa = PBXResourcesBuildPhase;
			buildActionMask = 2147483647;
			files = (
				37F3DE032C4AC0E100A9CA6A /* Assets.xcassets in Resources */,
				37F3DE062C4AC0E100A9CA6A /* Base in Resources */,
				37F3DE012C4AC0E000A9CA6A /* Base in Resources */,
			);
			runOnlyForDeploymentPostprocessing = 0;
		};
/* End PBXResourcesBuildPhase section */

/* Begin PBXSourcesBuildPhase section */
		37F3DDF22C4AC0E000A9CA6A /* Sources */ = {
			isa = PBXSourcesBuildPhase;
			buildActionMask = 2147483647;
			files = (
				370800202C5166630077CFC6 /* ContactCell.swift in Sources */,
				37F3DE0E2C4AC42E00A9CA6A /* SecondViewController.swift in Sources */,
				37F3DDFE2C4AC0E000A9CA6A /* ViewController.swift in Sources */,
				37F3DDFA2C4AC0E000A9CA6A /* AppDelegate.swift in Sources */,
				37F3DE102C4AD30F00A9CA6A /* TableViewController.swift in Sources */,
				37F3DDFC2C4AC0E000A9CA6A /* SceneDelegate.swift in Sources */,
				370800242C516EAF0077CFC6 /* ContactDetailViewController.swift in Sources */,
				370800222C51677C0077CFC6 /* Contact.swift in Sources */,
			);
			runOnlyForDeploymentPostprocessing = 0;
		};
/* End PBXSourcesBuildPhase section */

/* Begin PBXVariantGroup section */
		37F3DDFF2C4AC0E000A9CA6A /* Main.storyboard */ = {
			isa = PBXVariantGroup;
			children = (
				37F3DE002C4AC0E000A9CA6A /* Base */,
			);
			name = Main.storyboard;
			sourceTree = "<group>";
		};
		37F3DE042C4AC0E100A9CA6A /* LaunchScreen.storyboard */ = {
			isa = PBXVariantGroup;
			children = (
				37F3DE052C4AC0E100A9CA6A /* Base */,
			);
			name = LaunchScreen.storyboard;
			sourceTree = "<group>";
		};
/* End PBXVariantGroup section */

/* Begin XCBuildConfiguration section */
		37F3DE082C4AC0E100A9CA6A /* Debug */ = {
			isa = XCBuildConfiguration;
			buildSettings = {
				ALWAYS_SEARCH_USER_PATHS = NO;
				ASSETCATALOG_COMPILER_GENERATE_SWIFT_ASSET_SYMBOL_EXTENSIONS = YES;
				CLANG_ANALYZER_NONNULL = YES;
				CLANG_ANALYZER_NUMBER_OBJECT_CONVERSION = YES_AGGRESSIVE;
				CLANG_CXX_LANGUAGE_STANDARD = "gnu++20";
				CLANG_ENABLE_MODULES = YES;
				CLANG_ENABLE_OBJC_ARC = YES;
				CLANG_ENABLE_OBJC_WEAK = YES;
				CLANG_WARN_BLOCK_CAPTURE_AUTORELEASING = YES;
				CLANG_WARN_BOOL_CONVERSION = YES;
				CLANG_WARN_COMMA = YES;
				CLANG_WARN_CONSTANT_CONVERSION = YES;
				CLANG_WARN_DEPRECATED_OBJC_IMPLEMENTATIONS = YES;
				CLANG_WARN_DIRECT_OBJC_ISA_USAGE = YES_ERROR;
				CLANG_WARN_DOCUMENTATION_COMMENTS = YES;
				CLANG_WARN_EMPTY_BODY = YES;
				CLANG_WARN_ENUM_CONVERSION = YES;
				CLANG_WARN_INFINITE_RECURSION = YES;
				CLANG_WARN_INT_CONVERSION = YES;
				CLANG_WARN_NON_LITERAL_NULL_CONVERSION = YES;
				CLANG_WARN_OBJC_IMPLICIT_RETAIN_SELF = YES;
				CLANG_WARN_OBJC_LITERAL_CONVERSION = YES;
				CLANG_WARN_OBJC_ROOT_CLASS = YES_ERROR;
				CLANG_WARN_QUOTED_INCLUDE_IN_FRAMEWORK_HEADER = YES;
				CLANG_WARN_RANGE_LOOP_ANALYSIS = YES;
				CLANG_WARN_STRICT_PROTOTYPES = YES;
				CLANG_WARN_SUSPICIOUS_MOVE = YES;
				CLANG_WARN_UNGUARDED_AVAILABILITY = YES_AGGRESSIVE;
				CLANG_WARN_UNREACHABLE_CODE = YES;
				CLANG_WARN__DUPLICATE_METHOD_MATCH = YES;
				COPY_PHASE_STRIP = NO;
				DEBUG_INFORMATION_FORMAT = dwarf;
				ENABLE_STRICT_OBJC_MSGSEND = YES;
				ENABLE_TESTABILITY = YES;
				ENABLE_USER_SCRIPT_SANDBOXING = YES;
				GCC_C_LANGUAGE_STANDARD = gnu17;
				GCC_DYNAMIC_NO_PIC = NO;
				GCC_NO_COMMON_BLOCKS = YES;
				GCC_OPTIMIZATION_LEVEL = 0;
				GCC_PREPROCESSOR_DEFINITIONS = (
					"DEBUG=1",
					"$(inherited)",
				);
				GCC_WARN_64_TO_32_BIT_CONVERSION = YES;
				GCC_WARN_ABOUT_RETURN_TYPE = YES_ERROR;
				GCC_WARN_UNDECLARED_SELECTOR = YES;
				GCC_WARN_UNINITIALIZED_AUTOS = YES_AGGRESSIVE;
				GCC_WARN_UNUSED_FUNCTION = YES;
				GCC_WARN_UNUSED_VARIABLE = YES;
				IPHONEOS_DEPLOYMENT_TARGET = 17.5;
				LOCALIZATION_PREFERS_STRING_CATALOGS = YES;
				MTL_ENABLE_DEBUG_INFO = INCLUDE_SOURCE;
				MTL_FAST_MATH = YES;
				ONLY_ACTIVE_ARCH = YES;
				SDKROOT = iphoneos;
				SWIFT_ACTIVE_COMPILATION_CONDITIONS = "DEBUG $(inherited)";
				SWIFT_OPTIMIZATION_LEVEL = "-Onone";
			};
			name = Debug;
		};
		37F3DE092C4AC0E100A9CA6A /* Release */ = {
			isa = XCBuildConfiguration;
			buildSettings = {
				ALWAYS_SEARCH_USER_PATHS = NO;
				ASSETCATALOG_COMPILER_GENERATE_SWIFT_ASSET_SYMBOL_EXTENSIONS = YES;
				CLANG_ANALYZER_NONNULL = YES;
				CLANG_ANALYZER_NUMBER_OBJECT_CONVERSION = YES_AGGRESSIVE;
				CLANG_CXX_LANGUAGE_STANDARD = "gnu++20";
				CLANG_ENABLE_MODULES = YES;
				CLANG_ENABLE_OBJC_ARC = YES;
				CLANG_ENABLE_OBJC_WEAK = YES;
				CLANG_WARN_BLOCK_CAPTURE_AUTORELEASING = YES;
				CLANG_WARN_BOOL_CONVERSION = YES;
				CLANG_WARN_COMMA = YES;
				CLANG_WARN_CONSTANT_CONVERSION = YES;
				CLANG_WARN_DEPRECATED_OBJC_IMPLEMENTATIONS = YES;
				CLANG_WARN_DIRECT_OBJC_ISA_USAGE = YES_ERROR;
				CLANG_WARN_DOCUMENTATION_COMMENTS = YES;
				CLANG_WARN_EMPTY_BODY = YES;
				CLANG_WARN_ENUM_CONVERSION = YES;
				CLANG_WARN_INFINITE_RECURSION = YES;
				CLANG_WARN_INT_CONVERSION = YES;
				CLANG_WARN_NON_LITERAL_NULL_CONVERSION = YES;
				CLANG_WARN_OBJC_IMPLICIT_RETAIN_SELF = YES;
				CLANG_WARN_OBJC_LITERAL_CONVERSION = YES;
				CLANG_WARN_OBJC_ROOT_CLASS = YES_ERROR;
				CLANG_WARN_QUOTED_INCLUDE_IN_FRAMEWORK_HEADER = YES;
				CLANG_WARN_RANGE_LOOP_ANALYSIS = YES;
				CLANG_WARN_STRICT_PROTOTYPES = YES;
				CLANG_WARN_SUSPICIOUS_MOVE = YES;
				CLANG_WARN_UNGUARDED_AVAILABILITY = YES_AGGRESSIVE;
				CLANG_WARN_UNREACHABLE_CODE = YES;
				CLANG_WARN__DUPLICATE_METHOD_MATCH = YES;
				COPY_PHASE_STRIP = NO;
				DEBUG_INFORMATION_FORMAT = "dwarf-with-dsym";
				ENABLE_NS_ASSERTIONS = NO;
				ENABLE_STRICT_OBJC_MSGSEND = YES;
				ENABLE_USER_SCRIPT_SANDBOXING = YES;
				GCC_C_LANGUAGE_STANDARD = gnu17;
				GCC_NO_COMMON_BLOCKS = YES;
				GCC_WARN_64_TO_32_BIT_CONVERSION = YES;
				GCC_WARN_ABOUT_RETURN_TYPE = YES_ERROR;
				GCC_WARN_UNDECLARED_SELECTOR = YES;
				GCC_WARN_UNINITIALIZED_AUTOS = YES_AGGRESSIVE;
				GCC_WARN_UNUSED_FUNCTION = YES;
				GCC_WARN_UNUSED_VARIABLE = YES;
				IPHONEOS_DEPLOYMENT_TARGET = 17.5;
				LOCALIZATION_PREFERS_STRING_CATALOGS = YES;
				MTL_ENABLE_DEBUG_INFO = NO;
				MTL_FAST_MATH = YES;
				SDKROOT = iphoneos;
				SWIFT_COMPILATION_MODE = wholemodule;
				VALIDATE_PRODUCT = YES;
			};
			name = Release;
		};
		37F3DE0B2C4AC0E100A9CA6A /* Debug */ = {
			isa = XCBuildConfiguration;
			buildSettings = {
				ASSETCATALOG_COMPILER_APPICON_NAME = AppIcon;
				ASSETCATALOG_COMPILER_GLOBAL_ACCENT_COLOR_NAME = AccentColor;
				CODE_SIGN_STYLE = Automatic;
				CURRENT_PROJECT_VERSION = 1;
				GENERATE_INFOPLIST_FILE = YES;
				INFOPLIST_FILE = Class6/Info.plist;
				INFOPLIST_KEY_UIApplicationSupportsIndirectInputEvents = YES;
				INFOPLIST_KEY_UILaunchStoryboardName = LaunchScreen;
				INFOPLIST_KEY_UIMainStoryboardFile = Main;
				INFOPLIST_KEY_UISupportedInterfaceOrientations_iPad = "UIInterfaceOrientationPortrait UIInterfaceOrientationPortraitUpsideDown UIInterfaceOrientationLandscapeLeft UIInterfaceOrientationLandscapeRight";
				INFOPLIST_KEY_UISupportedInterfaceOrientations_iPhone = "UIInterfaceOrientationPortrait UIInterfaceOrientationLandscapeLeft UIInterfaceOrientationLandscapeRight";
				LD_RUNPATH_SEARCH_PATHS = (
					"$(inherited)",
					"@executable_path/Frameworks",
				);
				MARKETING_VERSION = 1.0;
				PRODUCT_BUNDLE_IDENTIFIER = com.shwan.Class6;
				PRODUCT_NAME = "$(TARGET_NAME)";
				SWIFT_EMIT_LOC_STRINGS = YES;
				SWIFT_VERSION = 5.0;
				TARGETED_DEVICE_FAMILY = "1,2";
			};
			name = Debug;
		};
		37F3DE0C2C4AC0E100A9CA6A /* Release */ = {
			isa = XCBuildConfiguration;
			buildSettings = {
				ASSETCATALOG_COMPILER_APPICON_NAME = AppIcon;
				ASSETCATALOG_COMPILER_GLOBAL_ACCENT_COLOR_NAME = AccentColor;
				CODE_SIGN_STYLE = Automatic;
				CURRENT_PROJECT_VERSION = 1;
				GENERATE_INFOPLIST_FILE = YES;
				INFOPLIST_FILE = Class6/Info.plist;
				INFOPLIST_KEY_UIApplicationSupportsIndirectInputEvents = YES;
				INFOPLIST_KEY_UILaunchStoryboardName = LaunchScreen;
				INFOPLIST_KEY_UIMainStoryboardFile = Main;
				INFOPLIST_KEY_UISupportedInterfaceOrientations_iPad = "UIInterfaceOrientationPortrait UIInterfaceOrientationPortraitUpsideDown UIInterfaceOrientationLandscapeLeft UIInterfaceOrientationLandscapeRight";
				INFOPLIST_KEY_UISupportedInterfaceOrientations_iPhone = "UIInterfaceOrientationPortrait UIInterfaceOrientationLandscapeLeft UIInterfaceOrientationLandscapeRight";
				LD_RUNPATH_SEARCH_PATHS = (
					"$(inherited)",
					"@executable_path/Frameworks",
				);
				MARKETING_VERSION = 1.0;
				PRODUCT_BUNDLE_IDENTIFIER = com.shwan.Class6;
				PRODUCT_NAME = "$(TARGET_NAME)";
				SWIFT_EMIT_LOC_STRINGS = YES;
				SWIFT_VERSION = 5.0;
				TARGETED_DEVICE_FAMILY = "1,2";
			};
			name = Release;
		};
/* End XCBuildConfiguration section */

/* Begin XCConfigurationList section */
		37F3DDF12C4AC0E000A9CA6A /* Build configuration list for PBXProject "Class6" */ = {
			isa = XCConfigurationList;
			buildConfigurations = (
				37F3DE082C4AC0E100A9CA6A /* Debug */,
				37F3DE092C4AC0E100A9CA6A /* Release */,
			);
			defaultConfigurationIsVisible = 0;
			defaultConfigurationName = Release;
		};
		37F3DE0A2C4AC0E100A9CA6A /* Build configuration list for PBXNativeTarget "Class6" */ = {
			isa = XCConfigurationList;
			buildConfigurations = (
				37F3DE0B2C4AC0E100A9CA6A /* Debug */,
				37F3DE0C2C4AC0E100A9CA6A /* Release */,
			);
			defaultConfigurationIsVisible = 0;
			defaultConfigurationName = Release;
		};
/* End XCConfigurationList section */
	};
	rootObject = 37F3DDEE2C4AC0E000A9CA6A /* Project object */;
}
