// !$*UTF8*$!
{
	archiveVersion = 1;
	classes = {
	};
	objectVersion = 56;
	objects = {

/* Begin PBXBuildFile section */
		37D3C89A2C7239A200070572 /* AppDelegate.swift in Sources */ = {isa = PBXBuildFile; fileRef = 37D3C8992C7239A200070572 /* AppDelegate.swift */; };
		37D3C89C2C7239A200070572 /* SceneDelegate.swift in Sources */ = {isa = PBXBuildFile; fileRef = 37D3C89B2C7239A200070572 /* SceneDelegate.swift */; };
		37D3C89E2C7239A200070572 /* ViewController.swift in Sources */ = {isa = PBXBuildFile; fileRef = 37D3C89D2C7239A200070572 /* ViewController.swift */; };
		37D3C8A12C7239A200070572 /* Base in Resources */ = {isa = PBXBuildFile; fileRef = 37D3C8A02C7239A200070572 /* Base */; };
		37D3C8A32C7239A300070572 /* Assets.xcassets in Resources */ = {isa = PBXBuildFile; fileRef = 37D3C8A22C7239A300070572 /* Assets.xcassets */; };
		37D3C8A62C7239A300070572 /* Base in Resources */ = {isa = PBXBuildFile; fileRef = 37D3C8A52C7239A300070572 /* Base */; };
		37D3C8AF2C7239BF00070572 /* Alamofire in Frameworks */ = {isa = PBXBuildFile; productRef = 37D3C8AE2C7239BF00070572 /* Alamofire */; };
		37D3C8B12C723D9E00070572 /* StudentGrades.swift in Sources */ = {isa = PBXBuildFile; fileRef = 37D3C8B02C723D9E00070572 /* StudentGrades.swift */; };
		37D3C8B32C7241E600070572 /* GradesCell.swift in Sources */ = {isa = PBXBuildFile; fileRef = 37D3C8B22C7241E600070572 /* GradesCell.swift */; };
/* End PBXBuildFile section */

/* Begin PBXFileReference section */
		37D3C8962C7239A200070572 /* Grade List.app */ = {isa = PBXFileReference; explicitFileType = wrapper.application; includeInIndex = 0; path = "Grade List.app"; sourceTree = BUILT_PRODUCTS_DIR; };
		37D3C8992C7239A200070572 /* AppDelegate.swift */ = {isa = PBXFileReference; lastKnownFileType = sourcecode.swift; path = AppDelegate.swift; sourceTree = "<group>"; };
		37D3C89B2C7239A200070572 /* SceneDelegate.swift */ = {isa = PBXFileReference; lastKnownFileType = sourcecode.swift; path = SceneDelegate.swift; sourceTree = "<group>"; };
		37D3C89D2C7239A200070572 /* ViewController.swift */ = {isa = PBXFileReference; lastKnownFileType = sourcecode.swift; path = ViewController.swift; sourceTree = "<group>"; };
		37D3C8A02C7239A200070572 /* Base */ = {isa = PBXFileReference; lastKnownFileType = file.storyboard; name = Base; path = Base.lproj/Main.storyboard; sourceTree = "<group>"; };
		37D3C8A22C7239A300070572 /* Assets.xcassets */ = {isa = PBXFileReference; lastKnownFileType = folder.assetcatalog; path = Assets.xcassets; sourceTree = "<group>"; };
		37D3C8A52C7239A300070572 /* Base */ = {isa = PBXFileReference; lastKnownFileType = file.storyboard; name = Base; path = Base.lproj/LaunchScreen.storyboard; sourceTree = "<group>"; };
		37D3C8A72C7239A300070572 /* Info.plist */ = {isa = PBXFileReference; lastKnownFileType = text.plist.xml; path = Info.plist; sourceTree = "<group>"; };
		37D3C8B02C723D9E00070572 /* StudentGrades.swift */ = {isa = PBXFileReference; lastKnownFileType = sourcecode.swift; path = StudentGrades.swift; sourceTree = "<group>"; };
		37D3C8B22C7241E600070572 /* GradesCell.swift */ = {isa = PBXFileReference; lastKnownFileType = sourcecode.swift; path = GradesCell.swift; sourceTree = "<group>"; };
/* End PBXFileReference section */

/* Begin PBXFrameworksBuildPhase section */
		37D3C8932C7239A200070572 /* Frameworks */ = {
			isa = PBXFrameworksBuildPhase;
			buildActionMask = 2147483647;
			files = (
				37D3C8AF2C7239BF00070572 /* Alamofire in Frameworks */,
			);
			runOnlyForDeploymentPostprocessing = 0;
		};
/* End PBXFrameworksBuildPhase section */

/* Begin PBXGroup section */
		37D3C88D2C7239A200070572 = {
			isa = PBXGroup;
			children = (
				37D3C8982C7239A200070572 /* Grade List */,
				37D3C8972C7239A200070572 /* Products */,
			);
			sourceTree = "<group>";
		};
		37D3C8972C7239A200070572 /* Products */ = {
			isa = PBXGroup;
			children = (
				37D3C8962C7239A200070572 /* Grade List.app */,
			);
			name = Products;
			sourceTree = "<group>";
		};
		37D3C8982C7239A200070572 /* Grade List */ = {
			isa = PBXGroup;
			children = (
				37D3C8992C7239A200070572 /* AppDelegate.swift */,
				37D3C89B2C7239A200070572 /* SceneDelegate.swift */,
				37D3C89D2C7239A200070572 /* ViewController.swift */,
				37D3C89F2C7239A200070572 /* Main.storyboard */,
				37D3C8A22C7239A300070572 /* Assets.xcassets */,
				37D3C8A42C7239A300070572 /* LaunchScreen.storyboard */,
				37D3C8A72C7239A300070572 /* Info.plist */,
				37D3C8B02C723D9E00070572 /* StudentGrades.swift */,
				37D3C8B22C7241E600070572 /* GradesCell.swift */,
			);
			path = "Grade List";
			sourceTree = "<group>";
		};
/* End PBXGroup section */

/* Begin PBXNativeTarget section */
		37D3C8952C7239A200070572 /* Grade List */ = {
			isa = PBXNativeTarget;
			buildConfigurationList = 37D3C8AA2C7239A300070572 /* Build configuration list for PBXNativeTarget "Grade List" */;
			buildPhases = (
				37D3C8922C7239A200070572 /* Sources */,
				37D3C8932C7239A200070572 /* Frameworks */,
				37D3C8942C7239A200070572 /* Resources */,
			);
			buildRules = (
			);
			dependencies = (
			);
			name = "Grade List";
			packageProductDependencies = (
				37D3C8AE2C7239BF00070572 /* Alamofire */,
			);
			productName = "Grade List";
			productReference = 37D3C8962C7239A200070572 /* Grade List.app */;
			productType = "com.apple.product-type.application";
		};
/* End PBXNativeTarget section */

/* Begin PBXProject section */
		37D3C88E2C7239A200070572 /* Project object */ = {
			isa = PBXProject;
			attributes = {
				BuildIndependentTargetsInParallel = 1;
				LastSwiftUpdateCheck = 1540;
				LastUpgradeCheck = 1540;
				TargetAttributes = {
					37D3C8952C7239A200070572 = {
						CreatedOnToolsVersion = 15.4;
					};
				};
			};
			buildConfigurationList = 37D3C8912C7239A200070572 /* Build configuration list for PBXProject "Grade List" */;
			compatibilityVersion = "Xcode 14.0";
			developmentRegion = en;
			hasScannedForEncodings = 0;
			knownRegions = (
				en,
				Base,
			);
			mainGroup = 37D3C88D2C7239A200070572;
			packageReferences = (
				37D3C8AD2C7239BF00070572 /* XCRemoteSwiftPackageReference "Alamofire" */,
			);
			productRefGroup = 37D3C8972C7239A200070572 /* Products */;
			projectDirPath = "";
			projectRoot = "";
			targets = (
				37D3C8952C7239A200070572 /* Grade List */,
			);
		};
/* End PBXProject section */

/* Begin PBXResourcesBuildPhase section */
		37D3C8942C7239A200070572 /* Resources */ = {
			isa = PBXResourcesBuildPhase;
			buildActionMask = 2147483647;
			files = (
				37D3C8A32C7239A300070572 /* Assets.xcassets in Resources */,
				37D3C8A62C7239A300070572 /* Base in Resources */,
				37D3C8A12C7239A200070572 /* Base in Resources */,
			);
			runOnlyForDeploymentPostprocessing = 0;
		};
/* End PBXResourcesBuildPhase section */

/* Begin PBXSourcesBuildPhase section */
		37D3C8922C7239A200070572 /* Sources */ = {
			isa = PBXSourcesBuildPhase;
			buildActionMask = 2147483647;
			files = (
				37D3C8B32C7241E600070572 /* GradesCell.swift in Sources */,
				37D3C89E2C7239A200070572 /* ViewController.swift in Sources */,
				37D3C8B12C723D9E00070572 /* StudentGrades.swift in Sources */,
				37D3C89A2C7239A200070572 /* AppDelegate.swift in Sources */,
				37D3C89C2C7239A200070572 /* SceneDelegate.swift in Sources */,
			);
			runOnlyForDeploymentPostprocessing = 0;
		};
/* End PBXSourcesBuildPhase section */

/* Begin PBXVariantGroup section */
		37D3C89F2C7239A200070572 /* Main.storyboard */ = {
			isa = PBXVariantGroup;
			children = (
				37D3C8A02C7239A200070572 /* Base */,
			);
			name = Main.storyboard;
			sourceTree = "<group>";
		};
		37D3C8A42C7239A300070572 /* LaunchScreen.storyboard */ = {
			isa = PBXVariantGroup;
			children = (
				37D3C8A52C7239A300070572 /* Base */,
			);
			name = LaunchScreen.storyboard;
			sourceTree = "<group>";
		};
/* End PBXVariantGroup section */

/* Begin XCBuildConfiguration section */
		37D3C8A82C7239A300070572 /* Debug */ = {
			isa = XCBuildConfiguration;
			buildSettings = {
				ALWAYS_SEARCH_USER_PATHS = NO;
				ASSETCATALOG_COMPILER_GENERATE_SWIFT_ASSET_SYMBOL_EXTENSIONS = YES;
				CLANG_ANALYZER_NONNULL = YES;
				CLANG_ANALYZER_NUMBER_OBJECT_CONVERSION = YES_AGGRESSIVE;
				CLANG_CXX_LANGUAGE_STANDARD = "gnu++20";
				CLANG_ENABLE_MODULES = YES;
				CLANG_ENABLE_OBJC_ARC = YES;
				CLANG_ENABLE_OBJC_WEAK = YES;
				CLANG_WARN_BLOCK_CAPTURE_AUTORELEASING = YES;
				CLANG_WARN_BOOL_CONVERSION = YES;
				CLANG_WARN_COMMA = YES;
				CLANG_WARN_CONSTANT_CONVERSION = YES;
				CLANG_WARN_DEPRECATED_OBJC_IMPLEMENTATIONS = YES;
				CLANG_WARN_DIRECT_OBJC_ISA_USAGE = YES_ERROR;
				CLANG_WARN_DOCUMENTATION_COMMENTS = YES;
				CLANG_WARN_EMPTY_BODY = YES;
				CLANG_WARN_ENUM_CONVERSION = YES;
				CLANG_WARN_INFINITE_RECURSION = YES;
				CLANG_WARN_INT_CONVERSION = YES;
				CLANG_WARN_NON_LITERAL_NULL_CONVERSION = YES;
				CLANG_WARN_OBJC_IMPLICIT_RETAIN_SELF = YES;
				CLANG_WARN_OBJC_LITERAL_CONVERSION = YES;
				CLANG_WARN_OBJC_ROOT_CLASS = YES_ERROR;
				CLANG_WARN_QUOTED_INCLUDE_IN_FRAMEWORK_HEADER = YES;
				CLANG_WARN_RANGE_LOOP_ANALYSIS = YES;
				CLANG_WARN_STRICT_PROTOTYPES = YES;
				CLANG_WARN_SUSPICIOUS_MOVE = YES;
				CLANG_WARN_UNGUARDED_AVAILABILITY = YES_AGGRESSIVE;
				CLANG_WARN_UNREACHABLE_CODE = YES;
				CLANG_WARN__DUPLICATE_METHOD_MATCH = YES;
				COPY_PHASE_STRIP = NO;
				DEBUG_INFORMATION_FORMAT = dwarf;
				ENABLE_STRICT_OBJC_MSGSEND = YES;
				ENABLE_TESTABILITY = YES;
				ENABLE_USER_SCRIPT_SANDBOXING = YES;
				GCC_C_LANGUAGE_STANDARD = gnu17;
				GCC_DYNAMIC_NO_PIC = NO;
				GCC_NO_COMMON_BLOCKS = YES;
				GCC_OPTIMIZATION_LEVEL = 0;
				GCC_PREPROCESSOR_DEFINITIONS = (
					"DEBUG=1",
					"$(inherited)",
				);
				GCC_WARN_64_TO_32_BIT_CONVERSION = YES;
				GCC_WARN_ABOUT_RETURN_TYPE = YES_ERROR;
				GCC_WARN_UNDECLARED_SELECTOR = YES;
				GCC_WARN_UNINITIALIZED_AUTOS = YES_AGGRESSIVE;
				GCC_WARN_UNUSED_FUNCTION = YES;
				GCC_WARN_UNUSED_VARIABLE = YES;
				IPHONEOS_DEPLOYMENT_TARGET = 17.5;
				LOCALIZATION_PREFERS_STRING_CATALOGS = YES;
				MTL_ENABLE_DEBUG_INFO = INCLUDE_SOURCE;
				MTL_FAST_MATH = YES;
				ONLY_ACTIVE_ARCH = YES;
				SDKROOT = iphoneos;
				SWIFT_ACTIVE_COMPILATION_CONDITIONS = "DEBUG $(inherited)";
				SWIFT_OPTIMIZATION_LEVEL = "-Onone";
			};
			name = Debug;
		};
		37D3C8A92C7239A300070572 /* Release */ = {
			isa = XCBuildConfiguration;
			buildSettings = {
				ALWAYS_SEARCH_USER_PATHS = NO;
				ASSETCATALOG_COMPILER_GENERATE_SWIFT_ASSET_SYMBOL_EXTENSIONS = YES;
				CLANG_ANALYZER_NONNULL = YES;
				CLANG_ANALYZER_NUMBER_OBJECT_CONVERSION = YES_AGGRESSIVE;
				CLANG_CXX_LANGUAGE_STANDARD = "gnu++20";
				CLANG_ENABLE_MODULES = YES;
				CLANG_ENABLE_OBJC_ARC = YES;
				CLANG_ENABLE_OBJC_WEAK = YES;
				CLANG_WARN_BLOCK_CAPTURE_AUTORELEASING = YES;
				CLANG_WARN_BOOL_CONVERSION = YES;
				CLANG_WARN_COMMA = YES;
				CLANG_WARN_CONSTANT_CONVERSION = YES;
				CLANG_WARN_DEPRECATED_OBJC_IMPLEMENTATIONS = YES;
				CLANG_WARN_DIRECT_OBJC_ISA_USAGE = YES_ERROR;
				CLANG_WARN_DOCUMENTATION_COMMENTS = YES;
				CLANG_WARN_EMPTY_BODY = YES;
				CLANG_WARN_ENUM_CONVERSION = YES;
				CLANG_WARN_INFINITE_RECURSION = YES;
				CLANG_WARN_INT_CONVERSION = YES;
				CLANG_WARN_NON_LITERAL_NULL_CONVERSION = YES;
				CLANG_WARN_OBJC_IMPLICIT_RETAIN_SELF = YES;
				CLANG_WARN_OBJC_LITERAL_CONVERSION = YES;
				CLANG_WARN_OBJC_ROOT_CLASS = YES_ERROR;
				CLANG_WARN_QUOTED_INCLUDE_IN_FRAMEWORK_HEADER = YES;
				CLANG_WARN_RANGE_LOOP_ANALYSIS = YES;
				CLANG_WARN_STRICT_PROTOTYPES = YES;
				CLANG_WARN_SUSPICIOUS_MOVE = YES;
				CLANG_WARN_UNGUARDED_AVAILABILITY = YES_AGGRESSIVE;
				CLANG_WARN_UNREACHABLE_CODE = YES;
				CLANG_WARN__DUPLICATE_METHOD_MATCH = YES;
				COPY_PHASE_STRIP = NO;
				DEBUG_INFORMATION_FORMAT = "dwarf-with-dsym";
				ENABLE_NS_ASSERTIONS = NO;
				ENABLE_STRICT_OBJC_MSGSEND = YES;
				ENABLE_USER_SCRIPT_SANDBOXING = YES;
				GCC_C_LANGUAGE_STANDARD = gnu17;
				GCC_NO_COMMON_BLOCKS = YES;
				GCC_WARN_64_TO_32_BIT_CONVERSION = YES;
				GCC_WARN_ABOUT_RETURN_TYPE = YES_ERROR;
				GCC_WARN_UNDECLARED_SELECTOR = YES;
				GCC_WARN_UNINITIALIZED_AUTOS = YES_AGGRESSIVE;
				GCC_WARN_UNUSED_FUNCTION = YES;
				GCC_WARN_UNUSED_VARIABLE = YES;
				IPHONEOS_DEPLOYMENT_TARGET = 17.5;
				LOCALIZATION_PREFERS_STRING_CATALOGS = YES;
				MTL_ENABLE_DEBUG_INFO = NO;
				MTL_FAST_MATH = YES;
				SDKROOT = iphoneos;
				SWIFT_COMPILATION_MODE = wholemodule;
				VALIDATE_PRODUCT = YES;
			};
			name = Release;
		};
		37D3C8AB2C7239A300070572 /* Debug */ = {
			isa = XCBuildConfiguration;
			buildSettings = {
				ASSETCATALOG_COMPILER_APPICON_NAME = AppIcon;
				ASSETCATALOG_COMPILER_GLOBAL_ACCENT_COLOR_NAME = AccentColor;
				CODE_SIGN_STYLE = Automatic;
				CURRENT_PROJECT_VERSION = 1;
				GENERATE_INFOPLIST_FILE = YES;
				INFOPLIST_FILE = "Grade List/Info.plist";
				INFOPLIST_KEY_UIApplicationSupportsIndirectInputEvents = YES;
				INFOPLIST_KEY_UILaunchStoryboardName = LaunchScreen;
				INFOPLIST_KEY_UIMainStoryboardFile = Main;
				INFOPLIST_KEY_UISupportedInterfaceOrientations_iPad = "UIInterfaceOrientationPortrait UIInterfaceOrientationPortraitUpsideDown UIInterfaceOrientationLandscapeLeft UIInterfaceOrientationLandscapeRight";
				INFOPLIST_KEY_UISupportedInterfaceOrientations_iPhone = "UIInterfaceOrientationPortrait UIInterfaceOrientationLandscapeLeft UIInterfaceOrientationLandscapeRight";
				LD_RUNPATH_SEARCH_PATHS = (
					"$(inherited)",
					"@executable_path/Frameworks",
				);
				MARKETING_VERSION = 1.0;
				PRODUCT_BUNDLE_IDENTIFIER = "com.shwan.Grade-List";
				PRODUCT_NAME = "$(TARGET_NAME)";
				SWIFT_EMIT_LOC_STRINGS = YES;
				SWIFT_VERSION = 5.0;
				TARGETED_DEVICE_FAMILY = "1,2";
			};
			name = Debug;
		};
		37D3C8AC2C7239A300070572 /* Release */ = {
			isa = XCBuildConfiguration;
			buildSettings = {
				ASSETCATALOG_COMPILER_APPICON_NAME = AppIcon;
				ASSETCATALOG_COMPILER_GLOBAL_ACCENT_COLOR_NAME = AccentColor;
				CODE_SIGN_STYLE = Automatic;
				CURRENT_PROJECT_VERSION = 1;
				GENERATE_INFOPLIST_FILE = YES;
				INFOPLIST_FILE = "Grade List/Info.plist";
				INFOPLIST_KEY_UIApplicationSupportsIndirectInputEvents = YES;
				INFOPLIST_KEY_UILaunchStoryboardName = LaunchScreen;
				INFOPLIST_KEY_UIMainStoryboardFile = Main;
				INFOPLIST_KEY_UISupportedInterfaceOrientations_iPad = "UIInterfaceOrientationPortrait UIInterfaceOrientationPortraitUpsideDown UIInterfaceOrientationLandscapeLeft UIInterfaceOrientationLandscapeRight";
				INFOPLIST_KEY_UISupportedInterfaceOrientations_iPhone = "UIInterfaceOrientationPortrait UIInterfaceOrientationLandscapeLeft UIInterfaceOrientationLandscapeRight";
				LD_RUNPATH_SEARCH_PATHS = (
					"$(inherited)",
					"@executable_path/Frameworks",
				);
				MARKETING_VERSION = 1.0;
				PRODUCT_BUNDLE_IDENTIFIER = "com.shwan.Grade-List";
				PRODUCT_NAME = "$(TARGET_NAME)";
				SWIFT_EMIT_LOC_STRINGS = YES;
				SWIFT_VERSION = 5.0;
				TARGETED_DEVICE_FAMILY = "1,2";
			};
			name = Release;
		};
/* End XCBuildConfiguration section */

/* Begin XCConfigurationList section */
		37D3C8912C7239A200070572 /* Build configuration list for PBXProject "Grade List" */ = {
			isa = XCConfigurationList;
			buildConfigurations = (
				37D3C8A82C7239A300070572 /* Debug */,
				37D3C8A92C7239A300070572 /* Release */,
			);
			defaultConfigurationIsVisible = 0;
			defaultConfigurationName = Release;
		};
		37D3C8AA2C7239A300070572 /* Build configuration list for PBXNativeTarget "Grade List" */ = {
			isa = XCConfigurationList;
			buildConfigurations = (
				37D3C8AB2C7239A300070572 /* Debug */,
				37D3C8AC2C7239A300070572 /* Release */,
			);
			defaultConfigurationIsVisible = 0;
			defaultConfigurationName = Release;
		};
/* End XCConfigurationList section */

/* Begin XCRemoteSwiftPackageReference section */
		37D3C8AD2C7239BF00070572 /* XCRemoteSwiftPackageReference "Alamofire" */ = {
			isa = XCRemoteSwiftPackageReference;
			repositoryURL = "https://github.com/Alamofire/Alamofire";
			requirement = {
				kind = upToNextMajorVersion;
				minimumVersion = 5.9.1;
			};
		};
/* End XCRemoteSwiftPackageReference section */

/* Begin XCSwiftPackageProductDependency section */
		37D3C8AE2C7239BF00070572 /* Alamofire */ = {
			isa = XCSwiftPackageProductDependency;
			package = 37D3C8AD2C7239BF00070572 /* XCRemoteSwiftPackageReference "Alamofire" */;
			productName = Alamofire;
		};
/* End XCSwiftPackageProductDependency section */
	};
	rootObject = 37D3C88E2C7239A200070572 /* Project object */;
}
