// !$*UTF8*$!
{
	archiveVersion = 1;
	classes = {
	};
	objectVersion = 56;
	objects = {

/* Begin PBXBuildFile section */
		3775323E2C421CB500D26B80 /* AppDelegate.swift in Sources */ = {isa = PBXBuildFile; fileRef = 3775323D2C421CB500D26B80 /* AppDelegate.swift */; };
		377532402C421CB500D26B80 /* SceneDelegate.swift in Sources */ = {isa = PBXBuildFile; fileRef = 3775323F2C421CB500D26B80 /* SceneDelegate.swift */; };
		377532422C421CB500D26B80 /* ViewController.swift in Sources */ = {isa = PBXBuildFile; fileRef = 377532412C421CB500D26B80 /* ViewController.swift */; };
		377532452C421CB500D26B80 /* Base in Resources */ = {isa = PBXBuildFile; fileRef = 377532442C421CB500D26B80 /* Base */; };
		377532472C421CB700D26B80 /* Assets.xcassets in Resources */ = {isa = PBXBuildFile; fileRef = 377532462C421CB700D26B80 /* Assets.xcassets */; };
		3775324A2C421CB700D26B80 /* Base in Resources */ = {isa = PBXBuildFile; fileRef = 377532492C421CB700D26B80 /* Base */; };
		377532522C42296000D26B80 /* User.swift in Sources */ = {isa = PBXBuildFile; fileRef = 377532512C42296000D26B80 /* User.swift */; };
		377532562C422D2600D26B80 /* user.json in Resources */ = {isa = PBXBuildFile; fileRef = 377532552C422D2600D26B80 /* user.json */; };
		377532582C422FA700D26B80 /* user.txt in Resources */ = {isa = PBXBuildFile; fileRef = 377532572C422FA700D26B80 /* user.txt */; };
		3775325A2C423B8D00D26B80 /* ContactCell.swift in Sources */ = {isa = PBXBuildFile; fileRef = 377532592C423B8D00D26B80 /* ContactCell.swift */; };
		3775325C2C423D2C00D26B80 /* ContactViewController.swift in Sources */ = {isa = PBXBuildFile; fileRef = 3775325B2C423D2C00D26B80 /* ContactViewController.swift */; };
		3775325E2C423DF800D26B80 /* user+address.json in Resources */ = {isa = PBXBuildFile; fileRef = 3775325D2C423DF800D26B80 /* user+address.json */; };
/* End PBXBuildFile section */

/* Begin PBXFileReference section */
		3775323A2C421CB500D26B80 /* Class 7.app */ = {isa = PBXFileReference; explicitFileType = wrapper.application; includeInIndex = 0; path = "Class 7.app"; sourceTree = BUILT_PRODUCTS_DIR; };
		3775323D2C421CB500D26B80 /* AppDelegate.swift */ = {isa = PBXFileReference; lastKnownFileType = sourcecode.swift; path = AppDelegate.swift; sourceTree = "<group>"; };
		3775323F2C421CB500D26B80 /* SceneDelegate.swift */ = {isa = PBXFileReference; lastKnownFileType = sourcecode.swift; path = SceneDelegate.swift; sourceTree = "<group>"; };
		377532412C421CB500D26B80 /* ViewController.swift */ = {isa = PBXFileReference; lastKnownFileType = sourcecode.swift; path = ViewController.swift; sourceTree = "<group>"; };
		377532442C421CB500D26B80 /* Base */ = {isa = PBXFileReference; lastKnownFileType = file.storyboard; name = Base; path = Base.lproj/Main.storyboard; sourceTree = "<group>"; };
		377532462C421CB700D26B80 /* Assets.xcassets */ = {isa = PBXFileReference; lastKnownFileType = folder.assetcatalog; path = Assets.xcassets; sourceTree = "<group>"; };
		377532492C421CB700D26B80 /* Base */ = {isa = PBXFileReference; lastKnownFileType = file.storyboard; name = Base; path = Base.lproj/LaunchScreen.storyboard; sourceTree = "<group>"; };
		3775324B2C421CB700D26B80 /* Info.plist */ = {isa = PBXFileReference; lastKnownFileType = text.plist.xml; path = Info.plist; sourceTree = "<group>"; };
		377532512C42296000D26B80 /* User.swift */ = {isa = PBXFileReference; lastKnownFileType = sourcecode.swift; path = User.swift; sourceTree = "<group>"; };
		377532552C422D2600D26B80 /* user.json */ = {isa = PBXFileReference; fileEncoding = 4; lastKnownFileType = text.json; path = user.json; sourceTree = "<group>"; };
		377532572C422FA700D26B80 /* user.txt */ = {isa = PBXFileReference; fileEncoding = 4; lastKnownFileType = text; path = user.txt; sourceTree = "<group>"; };
		377532592C423B8D00D26B80 /* ContactCell.swift */ = {isa = PBXFileReference; lastKnownFileType = sourcecode.swift; path = ContactCell.swift; sourceTree = "<group>"; };
		3775325B2C423D2C00D26B80 /* ContactViewController.swift */ = {isa = PBXFileReference; lastKnownFileType = sourcecode.swift; path = ContactViewController.swift; sourceTree = "<group>"; };
		3775325D2C423DF800D26B80 /* user+address.json */ = {isa = PBXFileReference; fileEncoding = 4; lastKnownFileType = text.json; path = "user+address.json"; sourceTree = "<group>"; };
/* End PBXFileReference section */

/* Begin PBXFrameworksBuildPhase section */
		377532372C421CB500D26B80 /* Frameworks */ = {
			isa = PBXFrameworksBuildPhase;
			buildActionMask = 2147483647;
			files = (
			);
			runOnlyForDeploymentPostprocessing = 0;
		};
/* End PBXFrameworksBuildPhase section */

/* Begin PBXGroup section */
		377532312C421CB500D26B80 = {
			isa = PBXGroup;
			children = (
				3775323C2C421CB500D26B80 /* Class 7 */,
				3775323B2C421CB500D26B80 /* Products */,
			);
			sourceTree = "<group>";
		};
		3775323B2C421CB500D26B80 /* Products */ = {
			isa = PBXGroup;
			children = (
				3775323A2C421CB500D26B80 /* Class 7.app */,
			);
			name = Products;
			sourceTree = "<group>";
		};
		3775323C2C421CB500D26B80 /* Class 7 */ = {
			isa = PBXGroup;
			children = (
				3775323D2C421CB500D26B80 /* AppDelegate.swift */,
				3775323F2C421CB500D26B80 /* SceneDelegate.swift */,
				377532412C421CB500D26B80 /* ViewController.swift */,
				377532432C421CB500D26B80 /* Main.storyboard */,
				377532462C421CB700D26B80 /* Assets.xcassets */,
				377532482C421CB700D26B80 /* LaunchScreen.storyboard */,
				3775324B2C421CB700D26B80 /* Info.plist */,
				377532512C42296000D26B80 /* User.swift */,
				377532552C422D2600D26B80 /* user.json */,
				377532572C422FA700D26B80 /* user.txt */,
				377532592C423B8D00D26B80 /* ContactCell.swift */,
				3775325B2C423D2C00D26B80 /* ContactViewController.swift */,
				3775325D2C423DF800D26B80 /* user+address.json */,
			);
			path = "Class 7";
			sourceTree = "<group>";
		};
/* End PBXGroup section */

/* Begin PBXNativeTarget section */
		377532392C421CB500D26B80 /* Class 7 */ = {
			isa = PBXNativeTarget;
			buildConfigurationList = 3775324E2C421CB700D26B80 /* Build configuration list for PBXNativeTarget "Class 7" */;
			buildPhases = (
				377532362C421CB500D26B80 /* Sources */,
				377532372C421CB500D26B80 /* Frameworks */,
				377532382C421CB500D26B80 /* Resources */,
			);
			buildRules = (
			);
			dependencies = (
			);
			name = "Class 7";
			productName = "Class 7";
			productReference = 3775323A2C421CB500D26B80 /* Class 7.app */;
			productType = "com.apple.product-type.application";
		};
/* End PBXNativeTarget section */

/* Begin PBXProject section */
		377532322C421CB500D26B80 /* Project object */ = {
			isa = PBXProject;
			attributes = {
				BuildIndependentTargetsInParallel = 1;
				LastSwiftUpdateCheck = 1540;
				LastUpgradeCheck = 1540;
				TargetAttributes = {
					377532392C421CB500D26B80 = {
						CreatedOnToolsVersion = 15.4;
					};
				};
			};
			buildConfigurationList = 377532352C421CB500D26B80 /* Build configuration list for PBXProject "Class 7" */;
			compatibilityVersion = "Xcode 14.0";
			developmentRegion = en;
			hasScannedForEncodings = 0;
			knownRegions = (
				en,
				Base,
			);
			mainGroup = 377532312C421CB500D26B80;
			productRefGroup = 3775323B2C421CB500D26B80 /* Products */;
			projectDirPath = "";
			projectRoot = "";
			targets = (
				377532392C421CB500D26B80 /* Class 7 */,
			);
		};
/* End PBXProject section */

/* Begin PBXResourcesBuildPhase section */
		377532382C421CB500D26B80 /* Resources */ = {
			isa = PBXResourcesBuildPhase;
			buildActionMask = 2147483647;
			files = (
				377532472C421CB700D26B80 /* Assets.xcassets in Resources */,
				3775324A2C421CB700D26B80 /* Base in Resources */,
				377532452C421CB500D26B80 /* Base in Resources */,
				3775325E2C423DF800D26B80 /* user+address.json in Resources */,
				377532562C422D2600D26B80 /* user.json in Resources */,
				377532582C422FA700D26B80 /* user.txt in Resources */,
			);
			runOnlyForDeploymentPostprocessing = 0;
		};
/* End PBXResourcesBuildPhase section */

/* Begin PBXSourcesBuildPhase section */
		377532362C421CB500D26B80 /* Sources */ = {
			isa = PBXSourcesBuildPhase;
			buildActionMask = 2147483647;
			files = (
				3775325A2C423B8D00D26B80 /* ContactCell.swift in Sources */,
				377532522C42296000D26B80 /* User.swift in Sources */,
				377532422C421CB500D26B80 /* ViewController.swift in Sources */,
				3775323E2C421CB500D26B80 /* AppDelegate.swift in Sources */,
				377532402C421CB500D26B80 /* SceneDelegate.swift in Sources */,
				3775325C2C423D2C00D26B80 /* ContactViewController.swift in Sources */,
			);
			runOnlyForDeploymentPostprocessing = 0;
		};
/* End PBXSourcesBuildPhase section */

/* Begin PBXVariantGroup section */
		377532432C421CB500D26B80 /* Main.storyboard */ = {
			isa = PBXVariantGroup;
			children = (
				377532442C421CB500D26B80 /* Base */,
			);
			name = Main.storyboard;
			sourceTree = "<group>";
		};
		377532482C421CB700D26B80 /* LaunchScreen.storyboard */ = {
			isa = PBXVariantGroup;
			children = (
				377532492C421CB700D26B80 /* Base */,
			);
			name = LaunchScreen.storyboard;
			sourceTree = "<group>";
		};
/* End PBXVariantGroup section */

/* Begin XCBuildConfiguration section */
		3775324C2C421CB700D26B80 /* Debug */ = {
			isa = XCBuildConfiguration;
			buildSettings = {
				ALWAYS_SEARCH_USER_PATHS = NO;
				ASSETCATALOG_COMPILER_GENERATE_SWIFT_ASSET_SYMBOL_EXTENSIONS = YES;
				CLANG_ANALYZER_NONNULL = YES;
				CLANG_ANALYZER_NUMBER_OBJECT_CONVERSION = YES_AGGRESSIVE;
				CLANG_CXX_LANGUAGE_STANDARD = "gnu++20";
				CLANG_ENABLE_MODULES = YES;
				CLANG_ENABLE_OBJC_ARC = YES;
				CLANG_ENABLE_OBJC_WEAK = YES;
				CLANG_WARN_BLOCK_CAPTURE_AUTORELEASING = YES;
				CLANG_WARN_BOOL_CONVERSION = YES;
				CLANG_WARN_COMMA = YES;
				CLANG_WARN_CONSTANT_CONVERSION = YES;
				CLANG_WARN_DEPRECATED_OBJC_IMPLEMENTATIONS = YES;
				CLANG_WARN_DIRECT_OBJC_ISA_USAGE = YES_ERROR;
				CLANG_WARN_DOCUMENTATION_COMMENTS = YES;
				CLANG_WARN_EMPTY_BODY = YES;
				CLANG_WARN_ENUM_CONVERSION = YES;
				CLANG_WARN_INFINITE_RECURSION = YES;
				CLANG_WARN_INT_CONVERSION = YES;
				CLANG_WARN_NON_LITERAL_NULL_CONVERSION = YES;
				CLANG_WARN_OBJC_IMPLICIT_RETAIN_SELF = YES;
				CLANG_WARN_OBJC_LITERAL_CONVERSION = YES;
				CLANG_WARN_OBJC_ROOT_CLASS = YES_ERROR;
				CLANG_WARN_QUOTED_INCLUDE_IN_FRAMEWORK_HEADER = YES;
				CLANG_WARN_RANGE_LOOP_ANALYSIS = YES;
				CLANG_WARN_STRICT_PROTOTYPES = YES;
				CLANG_WARN_SUSPICIOUS_MOVE = YES;
				CLANG_WARN_UNGUARDED_AVAILABILITY = YES_AGGRESSIVE;
				CLANG_WARN_UNREACHABLE_CODE = YES;
				CLANG_WARN__DUPLICATE_METHOD_MATCH = YES;
				COPY_PHASE_STRIP = NO;
				DEBUG_INFORMATION_FORMAT = dwarf;
				ENABLE_STRICT_OBJC_MSGSEND = YES;
				ENABLE_TESTABILITY = YES;
				ENABLE_USER_SCRIPT_SANDBOXING = YES;
				GCC_C_LANGUAGE_STANDARD = gnu17;
				GCC_DYNAMIC_NO_PIC = NO;
				GCC_NO_COMMON_BLOCKS = YES;
				GCC_OPTIMIZATION_LEVEL = 0;
				GCC_PREPROCESSOR_DEFINITIONS = (
					"DEBUG=1",
					"$(inherited)",
				);
				GCC_WARN_64_TO_32_BIT_CONVERSION = YES;
				GCC_WARN_ABOUT_RETURN_TYPE = YES_ERROR;
				GCC_WARN_UNDECLARED_SELECTOR = YES;
				GCC_WARN_UNINITIALIZED_AUTOS = YES_AGGRESSIVE;
				GCC_WARN_UNUSED_FUNCTION = YES;
				GCC_WARN_UNUSED_VARIABLE = YES;
				IPHONEOS_DEPLOYMENT_TARGET = 17.5;
				LOCALIZATION_PREFERS_STRING_CATALOGS = YES;
				MTL_ENABLE_DEBUG_INFO = INCLUDE_SOURCE;
				MTL_FAST_MATH = YES;
				ONLY_ACTIVE_ARCH = YES;
				SDKROOT = iphoneos;
				SWIFT_ACTIVE_COMPILATION_CONDITIONS = "DEBUG $(inherited)";
				SWIFT_OPTIMIZATION_LEVEL = "-Onone";
			};
			name = Debug;
		};
		3775324D2C421CB700D26B80 /* Release */ = {
			isa = XCBuildConfiguration;
			buildSettings = {
				ALWAYS_SEARCH_USER_PATHS = NO;
				ASSETCATALOG_COMPILER_GENERATE_SWIFT_ASSET_SYMBOL_EXTENSIONS = YES;
				CLANG_ANALYZER_NONNULL = YES;
				CLANG_ANALYZER_NUMBER_OBJECT_CONVERSION = YES_AGGRESSIVE;
				CLANG_CXX_LANGUAGE_STANDARD = "gnu++20";
				CLANG_ENABLE_MODULES = YES;
				CLANG_ENABLE_OBJC_ARC = YES;
				CLANG_ENABLE_OBJC_WEAK = YES;
				CLANG_WARN_BLOCK_CAPTURE_AUTORELEASING = YES;
				CLANG_WARN_BOOL_CONVERSION = YES;
				CLANG_WARN_COMMA = YES;
				CLANG_WARN_CONSTANT_CONVERSION = YES;
				CLANG_WARN_DEPRECATED_OBJC_IMPLEMENTATIONS = YES;
				CLANG_WARN_DIRECT_OBJC_ISA_USAGE = YES_ERROR;
				CLANG_WARN_DOCUMENTATION_COMMENTS = YES;
				CLANG_WARN_EMPTY_BODY = YES;
				CLANG_WARN_ENUM_CONVERSION = YES;
				CLANG_WARN_INFINITE_RECURSION = YES;
				CLANG_WARN_INT_CONVERSION = YES;
				CLANG_WARN_NON_LITERAL_NULL_CONVERSION = YES;
				CLANG_WARN_OBJC_IMPLICIT_RETAIN_SELF = YES;
				CLANG_WARN_OBJC_LITERAL_CONVERSION = YES;
				CLANG_WARN_OBJC_ROOT_CLASS = YES_ERROR;
				CLANG_WARN_QUOTED_INCLUDE_IN_FRAMEWORK_HEADER = YES;
				CLANG_WARN_RANGE_LOOP_ANALYSIS = YES;
				CLANG_WARN_STRICT_PROTOTYPES = YES;
				CLANG_WARN_SUSPICIOUS_MOVE = YES;
				CLANG_WARN_UNGUARDED_AVAILABILITY = YES_AGGRESSIVE;
				CLANG_WARN_UNREACHABLE_CODE = YES;
				CLANG_WARN__DUPLICATE_METHOD_MATCH = YES;
				COPY_PHASE_STRIP = NO;
				DEBUG_INFORMATION_FORMAT = "dwarf-with-dsym";
				ENABLE_NS_ASSERTIONS = NO;
				ENABLE_STRICT_OBJC_MSGSEND = YES;
				ENABLE_USER_SCRIPT_SANDBOXING = YES;
				GCC_C_LANGUAGE_STANDARD = gnu17;
				GCC_NO_COMMON_BLOCKS = YES;
				GCC_WARN_64_TO_32_BIT_CONVERSION = YES;
				GCC_WARN_ABOUT_RETURN_TYPE = YES_ERROR;
				GCC_WARN_UNDECLARED_SELECTOR = YES;
				GCC_WARN_UNINITIALIZED_AUTOS = YES_AGGRESSIVE;
				GCC_WARN_UNUSED_FUNCTION = YES;
				GCC_WARN_UNUSED_VARIABLE = YES;
				IPHONEOS_DEPLOYMENT_TARGET = 17.5;
				LOCALIZATION_PREFERS_STRING_CATALOGS = YES;
				MTL_ENABLE_DEBUG_INFO = NO;
				MTL_FAST_MATH = YES;
				SDKROOT = iphoneos;
				SWIFT_COMPILATION_MODE = wholemodule;
				VALIDATE_PRODUCT = YES;
			};
			name = Release;
		};
		3775324F2C421CB700D26B80 /* Debug */ = {
			isa = XCBuildConfiguration;
			buildSettings = {
				ASSETCATALOG_COMPILER_APPICON_NAME = AppIcon;
				ASSETCATALOG_COMPILER_GLOBAL_ACCENT_COLOR_NAME = AccentColor;
				CODE_SIGN_STYLE = Automatic;
				CURRENT_PROJECT_VERSION = 1;
				GENERATE_INFOPLIST_FILE = YES;
				INFOPLIST_FILE = "Class 7/Info.plist";
				INFOPLIST_KEY_UIApplicationSupportsIndirectInputEvents = YES;
				INFOPLIST_KEY_UILaunchStoryboardName = LaunchScreen;
				INFOPLIST_KEY_UIMainStoryboardFile = Main;
				INFOPLIST_KEY_UISupportedInterfaceOrientations_iPad = "UIInterfaceOrientationPortrait UIInterfaceOrientationPortraitUpsideDown UIInterfaceOrientationLandscapeLeft UIInterfaceOrientationLandscapeRight";
				INFOPLIST_KEY_UISupportedInterfaceOrientations_iPhone = "UIInterfaceOrientationPortrait UIInterfaceOrientationLandscapeLeft UIInterfaceOrientationLandscapeRight";
				LD_RUNPATH_SEARCH_PATHS = (
					"$(inherited)",
					"@executable_path/Frameworks",
				);
				MARKETING_VERSION = 1.0;
				PRODUCT_BUNDLE_IDENTIFIER = "com.shwan.Class-7";
				PRODUCT_NAME = "$(TARGET_NAME)";
				SWIFT_EMIT_LOC_STRINGS = YES;
				SWIFT_VERSION = 5.0;
				TARGETED_DEVICE_FAMILY = "1,2";
			};
			name = Debug;
		};
		377532502C421CB700D26B80 /* Release */ = {
			isa = XCBuildConfiguration;
			buildSettings = {
				ASSETCATALOG_COMPILER_APPICON_NAME = AppIcon;
				ASSETCATALOG_COMPILER_GLOBAL_ACCENT_COLOR_NAME = AccentColor;
				CODE_SIGN_STYLE = Automatic;
				CURRENT_PROJECT_VERSION = 1;
				GENERATE_INFOPLIST_FILE = YES;
				INFOPLIST_FILE = "Class 7/Info.plist";
				INFOPLIST_KEY_UIApplicationSupportsIndirectInputEvents = YES;
				INFOPLIST_KEY_UILaunchStoryboardName = LaunchScreen;
				INFOPLIST_KEY_UIMainStoryboardFile = Main;
				INFOPLIST_KEY_UISupportedInterfaceOrientations_iPad = "UIInterfaceOrientationPortrait UIInterfaceOrientationPortraitUpsideDown UIInterfaceOrientationLandscapeLeft UIInterfaceOrientationLandscapeRight";
				INFOPLIST_KEY_UISupportedInterfaceOrientations_iPhone = "UIInterfaceOrientationPortrait UIInterfaceOrientationLandscapeLeft UIInterfaceOrientationLandscapeRight";
				LD_RUNPATH_SEARCH_PATHS = (
					"$(inherited)",
					"@executable_path/Frameworks",
				);
				MARKETING_VERSION = 1.0;
				PRODUCT_BUNDLE_IDENTIFIER = "com.shwan.Class-7";
				PRODUCT_NAME = "$(TARGET_NAME)";
				SWIFT_EMIT_LOC_STRINGS = YES;
				SWIFT_VERSION = 5.0;
				TARGETED_DEVICE_FAMILY = "1,2";
			};
			name = Release;
		};
/* End XCBuildConfiguration section */

/* Begin XCConfigurationList section */
		377532352C421CB500D26B80 /* Build configuration list for PBXProject "Class 7" */ = {
			isa = XCConfigurationList;
			buildConfigurations = (
				3775324C2C421CB700D26B80 /* Debug */,
				3775324D2C421CB700D26B80 /* Release */,
			);
			defaultConfigurationIsVisible = 0;
			defaultConfigurationName = Release;
		};
		3775324E2C421CB700D26B80 /* Build configuration list for PBXNativeTarget "Class 7" */ = {
			isa = XCConfigurationList;
			buildConfigurations = (
				3775324F2C421CB700D26B80 /* Debug */,
				377532502C421CB700D26B80 /* Release */,
			);
			defaultConfigurationIsVisible = 0;
			defaultConfigurationName = Release;
		};
/* End XCConfigurationList section */
	};
	rootObject = 377532322C421CB500D26B80 /* Project object */;
}
